// !$*UTF8*$!
{
	archiveVersion = 1;
	classes = {
	};
	objectVersion = 50;
	objects = {

/* Begin PBXBuildFile section */
		48DF00D6221233130066705B /* AppDelegate.swift in Sources */ = {isa = PBXBuildFile; fileRef = 48DF00D5221233130066705B /* AppDelegate.swift */; };
		48DF00D8221233130066705B /* ViewController.swift in Sources */ = {isa = PBXBuildFile; fileRef = 48DF00D7221233130066705B /* ViewController.swift */; };
		48DF00DB221233130066705B /* Main.storyboard in Resources */ = {isa = PBXBuildFile; fileRef = 48DF00D9221233130066705B /* Main.storyboard */; };
		48DF00DD221233130066705B /* Assets.xcassets in Resources */ = {isa = PBXBuildFile; fileRef = 48DF00DC221233130066705B /* Assets.xcassets */; };
		48DF00E0221233130066705B /* LaunchScreen.storyboard in Resources */ = {isa = PBXBuildFile; fileRef = 48DF00DE221233130066705B /* LaunchScreen.storyboard */; };
		48DF00EB221233130066705B /* csc436lab6Tests.swift in Sources */ = {isa = PBXBuildFile; fileRef = 48DF00EA221233130066705B /* csc436lab6Tests.swift */; };
		48DF00F6221233130066705B /* csc436lab6UITests.swift in Sources */ = {isa = PBXBuildFile; fileRef = 48DF00F5221233130066705B /* csc436lab6UITests.swift */; };
/* End PBXBuildFile section */

/* Begin PBXContainerItemProxy section */
		48DF00E7221233130066705B /* PBXContainerItemProxy */ = {
			isa = PBXContainerItemProxy;
			containerPortal = 48DF00CA221233130066705B /* Project object */;
			proxyType = 1;
			remoteGlobalIDString = 48DF00D1221233130066705B;
			remoteInfo = csc436lab6;
		};
		48DF00F2221233130066705B /* PBXContainerItemProxy */ = {
			isa = PBXContainerItemProxy;
			containerPortal = 48DF00CA221233130066705B /* Project object */;
			proxyType = 1;
			remoteGlobalIDString = 48DF00D1221233130066705B;
			remoteInfo = csc436lab6;
		};
/* End PBXContainerItemProxy section */

/* Begin PBXFileReference section */
		48DF00D2221233130066705B /* csc436lab6.app */ = {isa = PBXFileReference; explicitFileType = wrapper.application; includeInIndex = 0; path = csc436lab6.app; sourceTree = BUILT_PRODUCTS_DIR; };
		48DF00D5221233130066705B /* AppDelegate.swift */ = {isa = PBXFileReference; lastKnownFileType = sourcecode.swift; path = AppDelegate.swift; sourceTree = "<group>"; };
		48DF00D7221233130066705B /* ViewController.swift */ = {isa = PBXFileReference; lastKnownFileType = sourcecode.swift; path = ViewController.swift; sourceTree = "<group>"; };
		48DF00DA221233130066705B /* Base */ = {isa = PBXFileReference; lastKnownFileType = file.storyboard; name = Base; path = Base.lproj/Main.storyboard; sourceTree = "<group>"; };
		48DF00DC221233130066705B /* Assets.xcassets */ = {isa = PBXFileReference; lastKnownFileType = folder.assetcatalog; path = Assets.xcassets; sourceTree = "<group>"; };
		48DF00DF221233130066705B /* Base */ = {isa = PBXFileReference; lastKnownFileType = file.storyboard; name = Base; path = Base.lproj/LaunchScreen.storyboard; sourceTree = "<group>"; };
		48DF00E1221233130066705B /* Info.plist */ = {isa = PBXFileReference; lastKnownFileType = text.plist.xml; path = Info.plist; sourceTree = "<group>"; };
		48DF00E6221233130066705B /* csc436lab6Tests.xctest */ = {isa = PBXFileReference; explicitFileType = wrapper.cfbundle; includeInIndex = 0; path = csc436lab6Tests.xctest; sourceTree = BUILT_PRODUCTS_DIR; };
		48DF00EA221233130066705B /* csc436lab6Tests.swift */ = {isa = PBXFileReference; lastKnownFileType = sourcecode.swift; path = csc436lab6Tests.swift; sourceTree = "<group>"; };
		48DF00EC221233130066705B /* Info.plist */ = {isa = PBXFileReference; lastKnownFileType = text.plist.xml; path = Info.plist; sourceTree = "<group>"; };
		48DF00F1221233130066705B /* csc436lab6UITests.xctest */ = {isa = PBXFileReference; explicitFileType = wrapper.cfbundle; includeInIndex = 0; path = csc436lab6UITests.xctest; sourceTree = BUILT_PRODUCTS_DIR; };
		48DF00F5221233130066705B /* csc436lab6UITests.swift */ = {isa = PBXFileReference; lastKnownFileType = sourcecode.swift; path = csc436lab6UITests.swift; sourceTree = "<group>"; };
		48DF00F7221233130066705B /* Info.plist */ = {isa = PBXFileReference; lastKnownFileType = text.plist.xml; path = Info.plist; sourceTree = "<group>"; };
/* End PBXFileReference section */

/* Begin PBXFrameworksBuildPhase section */
		48DF00CF221233130066705B /* Frameworks */ = {
			isa = PBXFrameworksBuildPhase;
			buildActionMask = 2147483647;
			files = (
			);
			runOnlyForDeploymentPostprocessing = 0;
		};
		48DF00E3221233130066705B /* Frameworks */ = {
			isa = PBXFrameworksBuildPhase;
			buildActionMask = 2147483647;
			files = (
			);
			runOnlyForDeploymentPostprocessing = 0;
		};
		48DF00EE221233130066705B /* Frameworks */ = {
			isa = PBXFrameworksBuildPhase;
			buildActionMask = 2147483647;
			files = (
			);
			runOnlyForDeploymentPostprocessing = 0;
		};
/* End PBXFrameworksBuildPhase section */

/* Begin PBXGroup section */
		48DF00C9221233130066705B = {
			isa = PBXGroup;
			children = (
				48DF00D4221233130066705B /* csc436lab6 */,
				48DF00E9221233130066705B /* csc436lab6Tests */,
				48DF00F4221233130066705B /* csc436lab6UITests */,
				48DF00D3221233130066705B /* Products */,
			);
			sourceTree = "<group>";
		};
		48DF00D3221233130066705B /* Products */ = {
			isa = PBXGroup;
			children = (
				48DF00D2221233130066705B /* csc436lab6.app */,
				48DF00E6221233130066705B /* csc436lab6Tests.xctest */,
				48DF00F1221233130066705B /* csc436lab6UITests.xctest */,
			);
			name = Products;
			sourceTree = "<group>";
		};
		48DF00D4221233130066705B /* csc436lab6 */ = {
			isa = PBXGroup;
			children = (
				48DF00D5221233130066705B /* AppDelegate.swift */,
				48DF00D7221233130066705B /* ViewController.swift */,
				48DF00D9221233130066705B /* Main.storyboard */,
				48DF00DC221233130066705B /* Assets.xcassets */,
				48DF00DE221233130066705B /* LaunchScreen.storyboard */,
				48DF00E1221233130066705B /* Info.plist */,
			);
			path = csc436lab6;
			sourceTree = "<group>";
		};
		48DF00E9221233130066705B /* csc436lab6Tests */ = {
			isa = PBXGroup;
			children = (
				48DF00EA221233130066705B /* csc436lab6Tests.swift */,
				48DF00EC221233130066705B /* Info.plist */,
			);
			path = csc436lab6Tests;
			sourceTree = "<group>";
		};
		48DF00F4221233130066705B /* csc436lab6UITests */ = {
			isa = PBXGroup;
			children = (
				48DF00F5221233130066705B /* csc436lab6UITests.swift */,
				48DF00F7221233130066705B /* Info.plist */,
			);
			path = csc436lab6UITests;
			sourceTree = "<group>";
		};
/* End PBXGroup section */

/* Begin PBXNativeTarget section */
		48DF00D1221233130066705B /* csc436lab6 */ = {
			isa = PBXNativeTarget;
			buildConfigurationList = 48DF00FA221233130066705B /* Build configuration list for PBXNativeTarget "csc436lab6" */;
			buildPhases = (
				48DF00CE221233130066705B /* Sources */,
				48DF00CF221233130066705B /* Frameworks */,
				48DF00D0221233130066705B /* Resources */,
			);
			buildRules = (
			);
			dependencies = (
			);
			name = csc436lab6;
			productName = csc436lab6;
			productReference = 48DF00D2221233130066705B /* csc436lab6.app */;
			productType = "com.apple.product-type.application";
		};
		48DF00E5221233130066705B /* csc436lab6Tests */ = {
			isa = PBXNativeTarget;
			buildConfigurationList = 48DF00FD221233130066705B /* Build configuration list for PBXNativeTarget "csc436lab6Tests" */;
			buildPhases = (
				48DF00E2221233130066705B /* Sources */,
				48DF00E3221233130066705B /* Frameworks */,
				48DF00E4221233130066705B /* Resources */,
			);
			buildRules = (
			);
			dependencies = (
				48DF00E8221233130066705B /* PBXTargetDependency */,
			);
			name = csc436lab6Tests;
			productName = csc436lab6Tests;
			productReference = 48DF00E6221233130066705B /* csc436lab6Tests.xctest */;
			productType = "com.apple.product-type.bundle.unit-test";
		};
		48DF00F0221233130066705B /* csc436lab6UITests */ = {
			isa = PBXNativeTarget;
			buildConfigurationList = 48DF0100221233130066705B /* Build configuration list for PBXNativeTarget "csc436lab6UITests" */;
			buildPhases = (
				48DF00ED221233130066705B /* Sources */,
				48DF00EE221233130066705B /* Frameworks */,
				48DF00EF221233130066705B /* Resources */,
			);
			buildRules = (
			);
			dependencies = (
				48DF00F3221233130066705B /* PBXTargetDependency */,
			);
			name = csc436lab6UITests;
			productName = csc436lab6UITests;
			productReference = 48DF00F1221233130066705B /* csc436lab6UITests.xctest */;
			productType = "com.apple.product-type.bundle.ui-testing";
		};
/* End PBXNativeTarget section */

/* Begin PBXProject section */
		48DF00CA221233130066705B /* Project object */ = {
			isa = PBXProject;
			attributes = {
				LastSwiftUpdateCheck = 1010;
				LastUpgradeCheck = 1010;
				ORGANIZATIONNAME = "Eric LaBouve";
				TargetAttributes = {
					48DF00D1221233130066705B = {
						CreatedOnToolsVersion = 10.1;
					};
					48DF00E5221233130066705B = {
						CreatedOnToolsVersion = 10.1;
						TestTargetID = 48DF00D1221233130066705B;
					};
					48DF00F0221233130066705B = {
						CreatedOnToolsVersion = 10.1;
						TestTargetID = 48DF00D1221233130066705B;
					};
				};
			};
			buildConfigurationList = 48DF00CD221233130066705B /* Build configuration list for PBXProject "csc436lab6" */;
			compatibilityVersion = "Xcode 9.3";
			developmentRegion = en;
			hasScannedForEncodings = 0;
			knownRegions = (
				en,
				Base,
			);
			mainGroup = 48DF00C9221233130066705B;
			productRefGroup = 48DF00D3221233130066705B /* Products */;
			projectDirPath = "";
			projectRoot = "";
			targets = (
				48DF00D1221233130066705B /* csc436lab6 */,
				48DF00E5221233130066705B /* csc436lab6Tests */,
				48DF00F0221233130066705B /* csc436lab6UITests */,
			);
		};
/* End PBXProject section */

/* Begin PBXResourcesBuildPhase section */
		48DF00D0221233130066705B /* Resources */ = {
			isa = PBXResourcesBuildPhase;
			buildActionMask = 2147483647;
			files = (
				48DF00E0221233130066705B /* LaunchScreen.storyboard in Resources */,
				48DF00DD221233130066705B /* Assets.xcassets in Resources */,
				48DF00DB221233130066705B /* Main.storyboard in Resources */,
			);
			runOnlyForDeploymentPostprocessing = 0;
		};
		48DF00E4221233130066705B /* Resources */ = {
			isa = PBXResourcesBuildPhase;
			buildActionMask = 2147483647;
			files = (
			);
			runOnlyForDeploymentPostprocessing = 0;
		};
		48DF00EF221233130066705B /* Resources */ = {
			isa = PBXResourcesBuildPhase;
			buildActionMask = 2147483647;
			files = (
			);
			runOnlyForDeploymentPostprocessing = 0;
		};
/* End PBXResourcesBuildPhase section */

/* Begin PBXSourcesBuildPhase section */
		48DF00CE221233130066705B /* Sources */ = {
			isa = PBXSourcesBuildPhase;
			buildActionMask = 2147483647;
			files = (
				48DF00D8221233130066705B /* ViewController.swift in Sources */,
				48DF00D6221233130066705B /* AppDelegate.swift in Sources */,
			);
			runOnlyForDeploymentPostprocessing = 0;
		};
		48DF00E2221233130066705B /* Sources */ = {
			isa = PBXSourcesBuildPhase;
			buildActionMask = 2147483647;
			files = (
				48DF00EB221233130066705B /* csc436lab6Tests.swift in Sources */,
			);
			runOnlyForDeploymentPostprocessing = 0;
		};
		48DF00ED221233130066705B /* Sources */ = {
			isa = PBXSourcesBuildPhase;
			buildActionMask = 2147483647;
			files = (
				48DF00F6221233130066705B /* csc436lab6UITests.swift in Sources */,
			);
			runOnlyForDeploymentPostprocessing = 0;
		};
/* End PBXSourcesBuildPhase section */

/* Begin PBXTargetDependency section */
		48DF00E8221233130066705B /* PBXTargetDependency */ = {
			isa = PBXTargetDependency;
			target = 48DF00D1221233130066705B /* csc436lab6 */;
			targetProxy = 48DF00E7221233130066705B /* PBXContainerItemProxy */;
		};
		48DF00F3221233130066705B /* PBXTargetDependency */ = {
			isa = PBXTargetDependency;
			target = 48DF00D1221233130066705B /* csc436lab6 */;
			targetProxy = 48DF00F2221233130066705B /* PBXContainerItemProxy */;
		};
/* End PBXTargetDependency section */

/* Begin PBXVariantGroup section */
		48DF00D9221233130066705B /* Main.storyboard */ = {
			isa = PBXVariantGroup;
			children = (
				48DF00DA221233130066705B /* Base */,
			);
			name = Main.storyboard;
			sourceTree = "<group>";
		};
		48DF00DE221233130066705B /* LaunchScreen.storyboard */ = {
			isa = PBXVariantGroup;
			children = (
				48DF00DF221233130066705B /* Base */,
			);
			name = LaunchScreen.storyboard;
			sourceTree = "<group>";
		};
/* End PBXVariantGroup section */

/* Begin XCBuildConfiguration section */
		48DF00F8221233130066705B /* Debug */ = {
			isa = XCBuildConfiguration;
			buildSettings = {
				ALWAYS_SEARCH_USER_PATHS = NO;
				CLANG_ANALYZER_NONNULL = YES;
				CLANG_ANALYZER_NUMBER_OBJECT_CONVERSION = YES_AGGRESSIVE;
				CLANG_CXX_LANGUAGE_STANDARD = "gnu++14";
				CLANG_CXX_LIBRARY = "libc++";
				CLANG_ENABLE_MODULES = YES;
				CLANG_ENABLE_OBJC_ARC = YES;
				CLANG_ENABLE_OBJC_WEAK = YES;
				CLANG_WARN_BLOCK_CAPTURE_AUTORELEASING = YES;
				CLANG_WARN_BOOL_CONVERSION = YES;
				CLANG_WARN_COMMA = YES;
				CLANG_WARN_CONSTANT_CONVERSION = YES;
				CLANG_WARN_DEPRECATED_OBJC_IMPLEMENTATIONS = YES;
				CLANG_WARN_DIRECT_OBJC_ISA_USAGE = YES_ERROR;
				CLANG_WARN_DOCUMENTATION_COMMENTS = YES;
				CLANG_WARN_EMPTY_BODY = YES;
				CLANG_WARN_ENUM_CONVERSION = YES;
				CLANG_WARN_INFINITE_RECURSION = YES;
				CLANG_WARN_INT_CONVERSION = YES;
				CLANG_WARN_NON_LITERAL_NULL_CONVERSION = YES;
				CLANG_WARN_OBJC_IMPLICIT_RETAIN_SELF = YES;
				CLANG_WARN_OBJC_LITERAL_CONVERSION = YES;
				CLANG_WARN_OBJC_ROOT_CLASS = YES_ERROR;
				CLANG_WARN_RANGE_LOOP_ANALYSIS = YES;
				CLANG_WARN_STRICT_PROTOTYPES = YES;
				CLANG_WARN_SUSPICIOUS_MOVE = YES;
				CLANG_WARN_UNGUARDED_AVAILABILITY = YES_AGGRESSIVE;
				CLANG_WARN_UNREACHABLE_CODE = YES;
				CLANG_WARN__DUPLICATE_METHOD_MATCH = YES;
				CODE_SIGN_IDENTITY = "iPhone Developer";
				COPY_PHASE_STRIP = NO;
				DEBUG_INFORMATION_FORMAT = dwarf;
				ENABLE_STRICT_OBJC_MSGSEND = YES;
				ENABLE_TESTABILITY = YES;
				GCC_C_LANGUAGE_STANDARD = gnu11;
				GCC_DYNAMIC_NO_PIC = NO;
				GCC_NO_COMMON_BLOCKS = YES;
				GCC_OPTIMIZATION_LEVEL = 0;
				GCC_PREPROCESSOR_DEFINITIONS = (
					"DEBUG=1",
					"$(inherited)",
				);
				GCC_WARN_64_TO_32_BIT_CONVERSION = YES;
				GCC_WARN_ABOUT_RETURN_TYPE = YES_ERROR;
				GCC_WARN_UNDECLARED_SELECTOR = YES;
				GCC_WARN_UNINITIALIZED_AUTOS = YES_AGGRESSIVE;
				GCC_WARN_UNUSED_FUNCTION = YES;
				GCC_WARN_UNUSED_VARIABLE = YES;
				IPHONEOS_DEPLOYMENT_TARGET = 12.1;
				MTL_ENABLE_DEBUG_INFO = INCLUDE_SOURCE;
				MTL_FAST_MATH = YES;
				ONLY_ACTIVE_ARCH = YES;
				SDKROOT = iphoneos;
				SWIFT_ACTIVE_COMPILATION_CONDITIONS = DEBUG;
				SWIFT_OPTIMIZATION_LEVEL = "-Onone";
			};
			name = Debug;
		};
		48DF00F9221233130066705B /* Release */ = {
			isa = XCBuildConfiguration;
			buildSettings = {
				ALWAYS_SEARCH_USER_PATHS = NO;
				CLANG_ANALYZER_NONNULL = YES;
				CLANG_ANALYZER_NUMBER_OBJECT_CONVERSION = YES_AGGRESSIVE;
				CLANG_CXX_LANGUAGE_STANDARD = "gnu++14";
				CLANG_CXX_LIBRARY = "libc++";
				CLANG_ENABLE_MODULES = YES;
				CLANG_ENABLE_OBJC_ARC = YES;
				CLANG_ENABLE_OBJC_WEAK = YES;
				CLANG_WARN_BLOCK_CAPTURE_AUTORELEASING = YES;
				CLANG_WARN_BOOL_CONVERSION = YES;
				CLANG_WARN_COMMA = YES;
				CLANG_WARN_CONSTANT_CONVERSION = YES;
				CLANG_WARN_DEPRECATED_OBJC_IMPLEMENTATIONS = YES;
				CLANG_WARN_DIRECT_OBJC_ISA_USAGE = YES_ERROR;
				CLANG_WARN_DOCUMENTATION_COMMENTS = YES;
				CLANG_WARN_EMPTY_BODY = YES;
				CLANG_WARN_ENUM_CONVERSION = YES;
				CLANG_WARN_INFINITE_RECURSION = YES;
				CLANG_WARN_INT_CONVERSION = YES;
				CLANG_WARN_NON_LITERAL_NULL_CONVERSION = YES;
				CLANG_WARN_OBJC_IMPLICIT_RETAIN_SELF = YES;
				CLANG_WARN_OBJC_LITERAL_CONVERSION = YES;
				CLANG_WARN_OBJC_ROOT_CLASS = YES_ERROR;
				CLANG_WARN_RANGE_LOOP_ANALYSIS = YES;
				CLANG_WARN_STRICT_PROTOTYPES = YES;
				CLANG_WARN_SUSPICIOUS_MOVE = YES;
				CLANG_WARN_UNGUARDED_AVAILABILITY = YES_AGGRESSIVE;
				CLANG_WARN_UNREACHABLE_CODE = YES;
				CLANG_WARN__DUPLICATE_METHOD_MATCH = YES;
				CODE_SIGN_IDENTITY = "iPhone Developer";
				COPY_PHASE_STRIP = NO;
				DEBUG_INFORMATION_FORMAT = "dwarf-with-dsym";
				ENABLE_NS_ASSERTIONS = NO;
				ENABLE_STRICT_OBJC_MSGSEND = YES;
				GCC_C_LANGUAGE_STANDARD = gnu11;
				GCC_NO_COMMON_BLOCKS = YES;
				GCC_WARN_64_TO_32_BIT_CONVERSION = YES;
				GCC_WARN_ABOUT_RETURN_TYPE = YES_ERROR;
				GCC_WARN_UNDECLARED_SELECTOR = YES;
				GCC_WARN_UNINITIALIZED_AUTOS = YES_AGGRESSIVE;
				GCC_WARN_UNUSED_FUNCTION = YES;
				GCC_WARN_UNUSED_VARIABLE = YES;
				IPHONEOS_DEPLOYMENT_TARGET = 12.1;
				MTL_ENABLE_DEBUG_INFO = NO;
				MTL_FAST_MATH = YES;
				SDKROOT = iphoneos;
				SWIFT_COMPILATION_MODE = wholemodule;
				SWIFT_OPTIMIZATION_LEVEL = "-O";
				VALIDATE_PRODUCT = YES;
			};
			name = Release;
		};
		48DF00FB221233130066705B /* Debug */ = {
			isa = XCBuildConfiguration;
			buildSettings = {
				ASSETCATALOG_COMPILER_APPICON_NAME = AppIcon;
				CODE_SIGN_STYLE = Automatic;
				INFOPLIST_FILE = csc436lab6/Info.plist;
				LD_RUNPATH_SEARCH_PATHS = (
					"$(inherited)",
					"@executable_path/Frameworks",
				);
				PRODUCT_BUNDLE_IDENTIFIER = elabouve.csc436lab6;
				PRODUCT_NAME = "$(TARGET_NAME)";
				SWIFT_VERSION = 4.2;
				TARGETED_DEVICE_FAMILY = "1,2";
			};
			name = Debug;
		};
		48DF00FC221233130066705B /* Release */ = {
			isa = XCBuildConfiguration;
			buildSettings = {
				ASSETCATALOG_COMPILER_APPICON_NAME = AppIcon;
				CODE_SIGN_STYLE = Automatic;
				INFOPLIST_FILE = csc436lab6/Info.plist;
				LD_RUNPATH_SEARCH_PATHS = (
					"$(inherited)",
					"@executable_path/Frameworks",
				);
				PRODUCT_BUNDLE_IDENTIFIER = elabouve.csc436lab6;
				PRODUCT_NAME = "$(TARGET_NAME)";
				SWIFT_VERSION = 4.2;
				TARGETED_DEVICE_FAMILY = "1,2";
			};
			name = Release;
		};
		48DF00FE221233130066705B /* Debug */ = {
			isa = XCBuildConfiguration;
			buildSettings = {
				ALWAYS_EMBED_SWIFT_STANDARD_LIBRARIES = YES;
				BUNDLE_LOADER = "$(TEST_HOST)";
				CODE_SIGN_STYLE = Automatic;
				INFOPLIST_FILE = csc436lab6Tests/Info.plist;
				LD_RUNPATH_SEARCH_PATHS = (
					"$(inherited)",
					"@executable_path/Frameworks",
					"@loader_path/Frameworks",
				);
				PRODUCT_BUNDLE_IDENTIFIER = elabouve.csc436lab6Tests;
				PRODUCT_NAME = "$(TARGET_NAME)";
				SWIFT_VERSION = 4.2;
				TARGETED_DEVICE_FAMILY = "1,2";
				TEST_HOST = "$(BUILT_PRODUCTS_DIR)/csc436lab6.app/csc436lab6";
			};
			name = Debug;
		};
		48DF00FF221233130066705B /* Release */ = {
			isa = XCBuildConfiguration;
			buildSettings = {
				ALWAYS_EMBED_SWIFT_STANDARD_LIBRARIES = YES;
				BUNDLE_LOADER = "$(TEST_HOST)";
				CODE_SIGN_STYLE = Automatic;
				INFOPLIST_FILE = csc436lab6Tests/Info.plist;
				LD_RUNPATH_SEARCH_PATHS = (
					"$(inherited)",
					"@executable_path/Frameworks",
					"@loader_path/Frameworks",
				);
				PRODUCT_BUNDLE_IDENTIFIER = elabouve.csc436lab6Tests;
				PRODUCT_NAME = "$(TARGET_NAME)";
				SWIFT_VERSION = 4.2;
				TARGETED_DEVICE_FAMILY = "1,2";
				TEST_HOST = "$(BUILT_PRODUCTS_DIR)/csc436lab6.app/csc436lab6";
			};
			name = Release;
		};
		48DF0101221233130066705B /* Debug */ = {
			isa = XCBuildConfiguration;
			buildSettings = {
				ALWAYS_EMBED_SWIFT_STANDARD_LIBRARIES = YES;
				CODE_SIGN_STYLE = Automatic;
				INFOPLIST_FILE = csc436lab6UITests/Info.plist;
				LD_RUNPATH_SEARCH_PATHS = (
					"$(inherited)",
					"@executable_path/Frameworks",
					"@loader_path/Frameworks",
				);
				PRODUCT_BUNDLE_IDENTIFIER = elabouve.csc436lab6UITests;
				PRODUCT_NAME = "$(TARGET_NAME)";
				SWIFT_VERSION = 4.2;
				TARGETED_DEVICE_FAMILY = "1,2";
				TEST_TARGET_NAME = csc436lab6;
			};
			name = Debug;
		};
		48DF0102221233130066705B /* Release */ = {
			isa = XCBuildConfiguration;
			buildSettings = {
				ALWAYS_EMBED_SWIFT_STANDARD_LIBRARIES = YES;
				CODE_SIGN_STYLE = Automatic;
				INFOPLIST_FILE = csc436lab6UITests/Info.plist;
				LD_RUNPATH_SEARCH_PATHS = (
					"$(inherited)",
					"@executable_path/Frameworks",
					"@loader_path/Frameworks",
				);
				PRODUCT_BUNDLE_IDENTIFIER = elabouve.csc436lab6UITests;
				PRODUCT_NAME = "$(TARGET_NAME)";
				SWIFT_VERSION = 4.2;
				TARGETED_DEVICE_FAMILY = "1,2";
				TEST_TARGET_NAME = csc436lab6;
			};
			name = Release;
		};
/* End XCBuildConfiguration section */

/* Begin XCConfigurationList section */
		48DF00CD221233130066705B /* Build configuration list for PBXProject "csc436lab6" */ = {
			isa = XCConfigurationList;
			buildConfigurations = (
				48DF00F8221233130066705B /* Debug */,
				48DF00F9221233130066705B /* Release */,
			);
			defaultConfigurationIsVisible = 0;
			defaultConfigurationName = Release;
		};
		48DF00FA221233130066705B /* Build configuration list for PBXNativeTarget "csc436lab6" */ = {
			isa = XCConfigurationList;
			buildConfigurations = (
				48DF00FB221233130066705B /* Debug */,
				48DF00FC221233130066705B /* Release */,
			);
			defaultConfigurationIsVisible = 0;
			defaultConfigurationName = Release;
		};
		48DF00FD221233130066705B /* Build configuration list for PBXNativeTarget "csc436lab6Tests" */ = {
			isa = XCConfigurationList;
			buildConfigurations = (
				48DF00FE221233130066705B /* Debug */,
				48DF00FF221233130066705B /* Release */,
			);
			defaultConfigurationIsVisible = 0;
			defaultConfigurationName = Release;
		};
		48DF0100221233130066705B /* Build configuration list for PBXNativeTarget "csc436lab6UITests" */ = {
			isa = XCConfigurationList;
			buildConfigurations = (
				48DF0101221233130066705B /* Debug */,
				48DF0102221233130066705B /* Release */,
			);
			defaultConfigurationIsVisible = 0;
			defaultConfigurationName = Release;
		};
/* End XCConfigurationList section */
	};
	rootObject = 48DF00CA221233130066705B /* Project object */;
}
